
Microsoft Visual Studio Solution File, Format Version 12.00
# Visual Studio Version 16
VisualStudioVersion = 25.0.1706.1
MinimumVisualStudioVersion = 10.0.40219.1
Project("{FAE04EC0-301F-11D3-BF4B-00C04F79EFBC}") = "Clivia.Core", "Clivia.Core\Clivia.Core.csproj", "{D3702603-5FE3-446E-A978-0FBC944DDB9D}"
EndProject
Project("{FAE04EC0-301F-11D3-BF4B-00C04F79EFBC}") = "Clivia.Infrastructure", "Clivia.Infrastructure\Clivia.Infrastructure.csproj", "{49C9C6B4-129B-499A-A64B-71E1281B0C0C}"
EndProject
Project("{FAE04EC0-301F-11D3-BF4B-00C04F79EFBC}") = "Clivia.DataBase.Test", "Clivia.DataBase.Test\Clivia.DataBase.Test.csproj", "{FC71BE56-10AC-4AB5-B348-C62EB99B6E95}"
EndProject
Project("{FAE04EC0-301F-11D3-BF4B-00C04F79EFBC}") = "Clivia.Application", "Clivia.Application\Clivia.Application.csproj", "{DF462170-5234-471C-B989-D1108087E7A2}"
EndProject
Project("{FAE04EC0-301F-11D3-BF4B-00C04F79EFBC}") = "Clivia.Backend", "Clivia.Backend\Clivia.Backend.csproj", "{FF6E7160-FF02-422E-96F2-3284BB5E6175}"
EndProject
Project("{FAE04EC0-301F-11D3-BF4B-00C04F79EFBC}") = "Clivia.Backend.Test", "Clivia.Backend.Test\Clivia.Backend.Test.csproj", "{731481C8-4278-4403-A591-DB61E22A358E}"
EndProject
Project("{2150E333-8FDC-42A3-9474-1A3956D46DE8}") = "Clivia.Integrations", "Clivia.Integrations", "{C46FC488-CA56-4C15-824A-F5F436DE0BEE}"
EndProject
Project("{FAE04EC0-301F-11D3-BF4B-00C04F79EFBC}") = "Clivia.Application.Test", "Clivia.Application.Test\Clivia.Application.Test.csproj", "{B9A8C3D6-5E17-4AEA-987C-4DA5136150BF}"
EndProject
Global
	GlobalSection(SolutionConfigurationPlatforms) = preSolution
		Debug|Any CPU = Debug|Any CPU
		Release|Any CPU = Release|Any CPU
	EndGlobalSection
	GlobalSection(ProjectConfigurationPlatforms) = postSolution
		{D3702603-5FE3-446E-A978-0FBC944DDB9D}.Debug|Any CPU.ActiveCfg = Debug|Any CPU
		{D3702603-5FE3-446E-A978-0FBC944DDB9D}.Debug|Any CPU.Build.0 = Debug|Any CPU
		{D3702603-5FE3-446E-A978-0FBC944DDB9D}.Release|Any CPU.ActiveCfg = Release|Any CPU
		{D3702603-5FE3-446E-A978-0FBC944DDB9D}.Release|Any CPU.Build.0 = Release|Any CPU
		{49C9C6B4-129B-499A-A64B-71E1281B0C0C}.Debug|Any CPU.ActiveCfg = Debug|Any CPU
		{49C9C6B4-129B-499A-A64B-71E1281B0C0C}.Debug|Any CPU.Build.0 = Debug|Any CPU
		{49C9C6B4-129B-499A-A64B-71E1281B0C0C}.Release|Any CPU.ActiveCfg = Release|Any CPU
		{49C9C6B4-129B-499A-A64B-71E1281B0C0C}.Release|Any CPU.Build.0 = Release|Any CPU
		{FC71BE56-10AC-4AB5-B348-C62EB99B6E95}.Debug|Any CPU.ActiveCfg = Debug|Any CPU
		{FC71BE56-10AC-4AB5-B348-C62EB99B6E95}.Debug|Any CPU.Build.0 = Debug|Any CPU
		{FC71BE56-10AC-4AB5-B348-C62EB99B6E95}.Release|Any CPU.ActiveCfg = Release|Any CPU
		{FC71BE56-10AC-4AB5-B348-C62EB99B6E95}.Release|Any CPU.Build.0 = Release|Any CPU
		{DF462170-5234-471C-B989-D1108087E7A2}.Debug|Any CPU.ActiveCfg = Debug|Any CPU
		{DF462170-5234-471C-B989-D1108087E7A2}.Debug|Any CPU.Build.0 = Debug|Any CPU
		{DF462170-5234-471C-B989-D1108087E7A2}.Release|Any CPU.ActiveCfg = Release|Any CPU
		{DF462170-5234-471C-B989-D1108087E7A2}.Release|Any CPU.Build.0 = Release|Any CPU
		{FF6E7160-FF02-422E-96F2-3284BB5E6175}.Debug|Any CPU.ActiveCfg = Debug|Any CPU
		{FF6E7160-FF02-422E-96F2-3284BB5E6175}.Debug|Any CPU.Build.0 = Debug|Any CPU
		{FF6E7160-FF02-422E-96F2-3284BB5E6175}.Release|Any CPU.ActiveCfg = Release|Any CPU
		{FF6E7160-FF02-422E-96F2-3284BB5E6175}.Release|Any CPU.Build.0 = Release|Any CPU
		{731481C8-4278-4403-A591-DB61E22A358E}.Debug|Any CPU.ActiveCfg = Debug|Any CPU
		{731481C8-4278-4403-A591-DB61E22A358E}.Debug|Any CPU.Build.0 = Debug|Any CPU
		{731481C8-4278-4403-A591-DB61E22A358E}.Release|Any CPU.ActiveCfg = Release|Any CPU
		{731481C8-4278-4403-A591-DB61E22A358E}.Release|Any CPU.Build.0 = Release|Any CPU
		{B9A8C3D6-5E17-4AEA-987C-4DA5136150BF}.Debug|Any CPU.ActiveCfg = Debug|Any CPU
		{B9A8C3D6-5E17-4AEA-987C-4DA5136150BF}.Debug|Any CPU.Build.0 = Debug|Any CPU
		{B9A8C3D6-5E17-4AEA-987C-4DA5136150BF}.Release|Any CPU.ActiveCfg = Release|Any CPU
		{B9A8C3D6-5E17-4AEA-987C-4DA5136150BF}.Release|Any CPU.Build.0 = Release|Any CPU
	EndGlobalSection
	GlobalSection(SolutionProperties) = preSolution
		HideSolutionNode = FALSE
	EndGlobalSection
	GlobalSection(ExtensibilityGlobals) = postSolution
		SolutionGuid = {70DA03C3-A9DC-4100-9E61-5467A2AD962E}
	EndGlobalSection
	GlobalSection(NestedProjects) = preSolution
	EndGlobalSection
EndGlobal
